PODS:
  - AmazonIVSBroadcast (1.2.0)

DEPENDENCIES:
  - AmazonIVSBroadcast (~> 1.2.0)

SPEC REPOS:
  https://github.com/CocoaPods/Specs.git:
    - AmazonIVSBroadcast

SPEC CHECKSUMS:
  AmazonIVSBroadcast: b52aa30ceb6e4ca35a51ad93b41cfd9700d378bb

PODFILE CHECKSUM: f5d1ec8e9d52a9acec830a0c82d3492f3cfa082f

COCOAPODS: 1.11.2
