PODS:
  - AmazonIVSBroadcast (1.11.0):
    - AmazonIVSBroadcast/Core (= 1.11.0)
  - AmazonIVSBroadcast/Core (1.11.0)

DEPENDENCIES:
  - AmazonIVSBroadcast (~> 1.11.0)

SPEC REPOS:
  https://github.com/CocoaPods/Specs.git:
    - AmazonIVSBroadcast

SPEC CHECKSUMS:
  AmazonIVSBroadcast: d20aaeba4913678b703bcac67992ae3dd34ba08e

PODFILE CHECKSUM: 4e49dd6bc8afa4bbd0190ff9470abf24f3358f7b

COCOAPODS: 1.12.0
