PODS:
  - AmazonIVSBroadcast (1.5.2)

DEPENDENCIES:
  - AmazonIVSBroadcast (~> 1.5.2)

SPEC REPOS:
  https://github.com/CocoaPods/Specs.git:
    - AmazonIVSBroadcast

SPEC CHECKSUMS:
  AmazonIVSBroadcast: 0f479a56ea7496eb59aec299559e6a486ea32330

PODFILE CHECKSUM: 5da0749d4c957ac448a935d97dd2990f1d61f809

COCOAPODS: 1.11.3
